{
    "_readme": [
        "This file locks the dependencies of your project to a known state",
        "Read more about it at https://getcomposer.org/doc/01-basic-usage.md#installing-dependencies",
        "This file is @generated automatically"
    ],
    "content-hash": "0ca5dc0e598b8510e266b864f7ef0787",
    "packages": [
        {
            "name": "easyframework/collections",
            "version": "v1.0.0",
            "target-dir": "Easy/Collections",
            "source": {
                "type": "git",
                "url": "https://github.com/italolelis/collections.git",
                "reference": "62357545bc7740cc481435a6d6c78f74cf85bc07"
            },
            "dist": {
                "type": "zip",
                "url": "https://api.github.com/repos/italolelis/collections/zipball/62357545bc7740cc481435a6d6c78f74cf85bc07",
                "reference": "62357545bc7740cc481435a6d6c78f74cf85bc07",
                "shasum": ""
            },
            "require": {
                "easyframework/generics": "1.0.*",
                "php": ">=5.3.14"
            },
            "require-dev": {
                "phpunit/phpunit": "3.7.*"
            },
            "type": "library",
            "extra": {
                "branch-alias": {
                    "dev-master": "1.0-dev"
                }
            },
            "autoload": {
                "psr-0": {
                    "Easy\\Collections": ""
                }
            },
            "notification-url": "https://packagist.org/downloads/",
            "license": [
                "MIT"
            ],
            "authors": [
                {
                    "name": "Ítalo Lelis de Vietro",
                    "email": "italolelis@lellysinformatica.com"
                }
            ],
            "description": "Easy Framework Collection Component",
            "homepage": "http://easyframework.net/",
            "keywords": [
                "collection",
                "easy",
                "framework",
                "generics"
            ],
            "time": "2013-11-17T19:09:15+00:00"
        },
        {
            "name": "easyframework/generics",
            "version": "v1.0.1",
            "target-dir": "Easy/Generics",
            "source": {
                "type": "git",
                "url": "https://github.com/italolelis/generics.git",
                "reference": "81ec0d7c35cff0c51df8536ed2be17fb355a4f61"
            },
            "dist": {
                "type": "zip",
                "url": "https://api.github.com/repos/italolelis/generics/zipball/81ec0d7c35cff0c51df8536ed2be17fb355a4f61",
                "reference": "81ec0d7c35cff0c51df8536ed2be17fb355a4f61",
                "shasum": ""
            },
            "type": "library",
            "extra": {
                "branch-alias": {
                    "dev-master": "1.0-dev"
                }
            },
            "autoload": {
                "psr-0": {
                    "Easy\\Generics": ""
                }
            },
            "notification-url": "https://packagist.org/downloads/",
            "license": [
                "MIT"
            ],
            "authors": [
                {
                    "name": "Ítalo Lelis de Vietro",
                    "email": "italolelis@lellysinformatica.com"
                }
            ],
            "description": "Easy Framework Generics Component",
            "homepage": "http://easyframework.net/",
            "keywords": [
                "easy",
                "framework",
                "generics"
            ],
            "time": "2014-01-23T17:59:05+00:00"
        }
    ],
    "packages-dev": [],
    "aliases": [],
    "minimum-stability": "dev",
    "stability-flags": [],
    "prefer-stable": false,
    "prefer-lowest": false,
    "platform": [],
    "platform-dev": []
}
